// !$*UTF8*$!
{
	archiveVersion = 1;
	classes = {
	};
	objectVersion = 46;
	objects = {

/* Begin PBXBuildFile section */
		BF2F718D168BA2E3006CD5E1 /* main.m in Sources */ = {isa = PBXBuildFile; fileRef = BF3478BB16842AF50090FBCE /* main.m */; };
		BF2F7194168BA336006CD5E1 /* Cocoa.framework in Frameworks */ = {isa = PBXBuildFile; fileRef = BF3478AF16842AF50090FBCE /* Cocoa.framework */; };
		BF2F71AB168BA33D006CD5E1 /* main.m in Sources */ = {isa = PBXBuildFile; fileRef = BF2F7188168BA27B006CD5E1 /* main.m */; };
		BF2F71B3168BA683006CD5E1 /* SKTestCompilation.m in Sources */ = {isa = PBXBuildFile; fileRef = BF2F71B2168BA683006CD5E1 /* SKTestCompilation.m */; };
		BF2F71BC168BA911006CD5E1 /* GHUnit.framework in Frameworks */ = {isa = PBXBuildFile; fileRef = BF2F71BA168BA896006CD5E1 /* GHUnit.framework */; };
		BF2F71BD168BA9AA006CD5E1 /* GHUnit.framework in CopyFiles */ = {isa = PBXBuildFile; fileRef = BF2F71BA168BA896006CD5E1 /* GHUnit.framework */; };
		BF3478B016842AF50090FBCE /* Cocoa.framework in Frameworks */ = {isa = PBXBuildFile; fileRef = BF3478AF16842AF50090FBCE /* Cocoa.framework */; };
		BF3478BA16842AF50090FBCE /* InfoPlist.strings in Resources */ = {isa = PBXBuildFile; fileRef = BF3478B816842AF50090FBCE /* InfoPlist.strings */; };
		BF3478C016842AF50090FBCE /* Credits.rtf in Resources */ = {isa = PBXBuildFile; fileRef = BF3478BE16842AF50090FBCE /* Credits.rtf */; };
		BF3478C316842AF50090FBCE /* SKAppDelegate.m in Sources */ = {isa = PBXBuildFile; fileRef = BF3478C216842AF50090FBCE /* SKAppDelegate.m */; };
		BF3478C616842AF50090FBCE /* MainMenu.xib in Resources */ = {isa = PBXBuildFile; fileRef = BF3478C416842AF50090FBCE /* MainMenu.xib */; };
		BF8E0685169E9C63009AF2E1 /* SKMainWindowController.m in Sources */ = {isa = PBXBuildFile; fileRef = BF8E0683169E9C63009AF2E1 /* SKMainWindowController.m */; };
		BF8E0686169E9C63009AF2E1 /* SKMainWindowController.xib in Resources */ = {isa = PBXBuildFile; fileRef = BF8E0684169E9C63009AF2E1 /* SKMainWindowController.xib */; };
		BFCCAE29169F5B5300416D8B /* SKWorkbenchDebugger.m in Sources */ = {isa = PBXBuildFile; fileRef = BFCCAE28169F5B5300416D8B /* SKWorkbenchDebugger.m */; };
		BFCCAE7816A5F7E800416D8B /* SKTestParseStrings.m in Sources */ = {isa = PBXBuildFile; fileRef = BFCCAE7716A5F7E800416D8B /* SKTestParseStrings.m */; };
		BFD015EB169B7A0F00DCF61D /* SKTestPushBetween.m in Sources */ = {isa = PBXBuildFile; fileRef = BFD015EA169B7A0F00DCF61D /* SKTestPushBetween.m */; };
		BFE04968168C34F000EA7F6E /* SKTestCase.m in Sources */ = {isa = PBXBuildFile; fileRef = BFE04967168C34F000EA7F6E /* SKTestCase.m */; };
		BFE0498B168DB8FE00EA7F6E /* SKTestTextBuffer.m in Sources */ = {isa = PBXBuildFile; fileRef = BFE0498A168DB8FE00EA7F6E /* SKTestTextBuffer.m */; };
		BFE0499216937F2A00EA7F6E /* AndroidForums_listCategories_mobile.tp in Resources */ = {isa = PBXBuildFile; fileRef = BFE0498D16937F2A00EA7F6E /* AndroidForums_listCategories_mobile.tp */; };
		BFE0499316937F2A00EA7F6E /* AndroidForums_listCategories.tp in Resources */ = {isa = PBXBuildFile; fileRef = BFE0498E16937F2A00EA7F6E /* AndroidForums_listCategories.tp */; };
		BFE0499416937F2A00EA7F6E /* Whirlpool_listCategories.tp in Resources */ = {isa = PBXBuildFile; fileRef = BFE0498F16937F2A00EA7F6E /* Whirlpool_listCategories.tp */; };
		BFE0499516937F2A00EA7F6E /* Whirlpool_listPosts.tp in Resources */ = {isa = PBXBuildFile; fileRef = BFE0499016937F2A00EA7F6E /* Whirlpool_listPosts.tp */; };
		BFE0499616937F2A00EA7F6E /* Whirlpool_listThreads.tp in Resources */ = {isa = PBXBuildFile; fileRef = BFE0499116937F2A00EA7F6E /* Whirlpool_listThreads.tp */; };
		BFF05CC01694E4530086583F /* SKTestRules.m in Sources */ = {isa = PBXBuildFile; fileRef = BFF05CBF1694E4530086583F /* SKTestRules.m */; };
/* End PBXBuildFile section */

/* Begin PBXCopyFilesBuildPhase section */
		BF2F71B4168BA70E006CD5E1 /* CopyFiles */ = {
			isa = PBXCopyFilesBuildPhase;
			buildActionMask = 2147483647;
			dstPath = "";
			dstSubfolderSpec = 10;
			files = (
				BF2F71BD168BA9AA006CD5E1 /* GHUnit.framework in CopyFiles */,
			);
			runOnlyForDeploymentPostprocessing = 0;
		};
/* End PBXCopyFilesBuildPhase section */

/* Begin PBXFileReference section */
		BF2F7187168BA27B006CD5E1 /* ScrapeKitTestCases-Info.plist */ = {isa = PBXFileReference; fileEncoding = 4; lastKnownFileType = text.plist.xml; name = "ScrapeKitTestCases-Info.plist"; path = "Other Sources/ScrapeKitTestCases-Info.plist"; sourceTree = "<group>"; };
		BF2F7188168BA27B006CD5E1 /* main.m */ = {isa = PBXFileReference; fileEncoding = 4; lastKnownFileType = sourcecode.c.objc; name = main.m; path = "Other Sources/main.m"; sourceTree = "<group>"; };
		BF2F7192168BA336006CD5E1 /* ScrapeKitTestCases.app */ = {isa = PBXFileReference; explicitFileType = wrapper.application; includeInIndex = 0; path = ScrapeKitTestCases.app; sourceTree = BUILT_PRODUCTS_DIR; };
		BF2F71B2168BA683006CD5E1 /* SKTestCompilation.m */ = {isa = PBXFileReference; fileEncoding = 4; lastKnownFileType = sourcecode.c.objc; name = SKTestCompilation.m; path = Classes/SKTestCompilation.m; sourceTree = "<group>"; };
		BF2F71BA168BA896006CD5E1 /* GHUnit.framework */ = {isa = PBXFileReference; lastKnownFileType = wrapper.framework; name = GHUnit.framework; path = External/GHUnit.framework; sourceTree = "<group>"; };
		BF3478AB16842AF50090FBCE /* ScrapeKitWorkbench.app */ = {isa = PBXFileReference; explicitFileType = wrapper.application; includeInIndex = 0; path = ScrapeKitWorkbench.app; sourceTree = BUILT_PRODUCTS_DIR; };
		BF3478AF16842AF50090FBCE /* Cocoa.framework */ = {isa = PBXFileReference; lastKnownFileType = wrapper.framework; name = Cocoa.framework; path = System/Library/Frameworks/Cocoa.framework; sourceTree = SDKROOT; };
		BF3478B216842AF50090FBCE /* AppKit.framework */ = {isa = PBXFileReference; lastKnownFileType = wrapper.framework; name = AppKit.framework; path = System/Library/Frameworks/AppKit.framework; sourceTree = SDKROOT; };
		BF3478B316842AF50090FBCE /* CoreData.framework */ = {isa = PBXFileReference; lastKnownFileType = wrapper.framework; name = CoreData.framework; path = System/Library/Frameworks/CoreData.framework; sourceTree = SDKROOT; };
		BF3478B416842AF50090FBCE /* Foundation.framework */ = {isa = PBXFileReference; lastKnownFileType = wrapper.framework; name = Foundation.framework; path = System/Library/Frameworks/Foundation.framework; sourceTree = SDKROOT; };
		BF3478B716842AF50090FBCE /* ScrapeKitWorkbench-Info.plist */ = {isa = PBXFileReference; lastKnownFileType = text.plist.xml; path = "ScrapeKitWorkbench-Info.plist"; sourceTree = "<group>"; };
		BF3478B916842AF50090FBCE /* en */ = {isa = PBXFileReference; lastKnownFileType = text.plist.strings; name = en; path = en.lproj/InfoPlist.strings; sourceTree = "<group>"; };
		BF3478BB16842AF50090FBCE /* main.m */ = {isa = PBXFileReference; lastKnownFileType = sourcecode.c.objc; path = main.m; sourceTree = "<group>"; };
		BF3478BD16842AF50090FBCE /* ScrapeKitWorkbench-Prefix.pch */ = {isa = PBXFileReference; lastKnownFileType = sourcecode.c.h; path = "ScrapeKitWorkbench-Prefix.pch"; sourceTree = "<group>"; };
		BF3478BF16842AF50090FBCE /* en */ = {isa = PBXFileReference; lastKnownFileType = text.rtf; name = en; path = en.lproj/Credits.rtf; sourceTree = "<group>"; };
		BF3478C116842AF50090FBCE /* SKAppDelegate.h */ = {isa = PBXFileReference; lastKnownFileType = sourcecode.c.h; path = SKAppDelegate.h; sourceTree = "<group>"; };
		BF3478C216842AF50090FBCE /* SKAppDelegate.m */ = {isa = PBXFileReference; lastKnownFileType = sourcecode.c.objc; path = SKAppDelegate.m; sourceTree = "<group>"; };
		BF3478C516842AF50090FBCE /* en */ = {isa = PBXFileReference; lastKnownFileType = file.xib; name = en; path = en.lproj/MainMenu.xib; sourceTree = "<group>"; };
		BF8E0682169E9C63009AF2E1 /* SKMainWindowController.h */ = {isa = PBXFileReference; fileEncoding = 4; lastKnownFileType = sourcecode.c.h; path = SKMainWindowController.h; sourceTree = "<group>"; };
		BF8E0683169E9C63009AF2E1 /* SKMainWindowController.m */ = {isa = PBXFileReference; fileEncoding = 4; lastKnownFileType = sourcecode.c.objc; path = SKMainWindowController.m; sourceTree = "<group>"; };
		BF8E0684169E9C63009AF2E1 /* SKMainWindowController.xib */ = {isa = PBXFileReference; fileEncoding = 4; lastKnownFileType = file.xib; name = SKMainWindowController.xib; path = en.lproj/SKMainWindowController.xib; sourceTree = "<group>"; };
		BFCCAE27169F5B5300416D8B /* SKWorkbenchDebugger.h */ = {isa = PBXFileReference; fileEncoding = 4; lastKnownFileType = sourcecode.c.h; path = SKWorkbenchDebugger.h; sourceTree = "<group>"; };
		BFCCAE28169F5B5300416D8B /* SKWorkbenchDebugger.m */ = {isa = PBXFileReference; fileEncoding = 4; lastKnownFileType = sourcecode.c.objc; path = SKWorkbenchDebugger.m; sourceTree = "<group>"; };
		BFCCAE7716A5F7E800416D8B /* SKTestParseStrings.m */ = {isa = PBXFileReference; fileEncoding = 4; lastKnownFileType = sourcecode.c.objc; name = SKTestParseStrings.m; path = Classes/SKTestParseStrings.m; sourceTree = "<group>"; };
		BFD015EA169B7A0F00DCF61D /* SKTestPushBetween.m */ = {isa = PBXFileReference; fileEncoding = 4; lastKnownFileType = sourcecode.c.objc; name = SKTestPushBetween.m; path = Classes/SKTestPushBetween.m; sourceTree = "<group>"; };
		BFD34DE716DAB6B600D0DFA6 /* LICENSE.txt */ = {isa = PBXFileReference; lastKnownFileType = text; path = LICENSE.txt; sourceTree = "<group>"; };
		BFD34DE916DAB6D600D0DFA6 /* readme.md */ = {isa = PBXFileReference; lastKnownFileType = text; path = readme.md; sourceTree = "<group>"; };
		BFE04966168C34F000EA7F6E /* SKTestCase.h */ = {isa = PBXFileReference; fileEncoding = 4; lastKnownFileType = sourcecode.c.h; name = SKTestCase.h; path = Classes/SKTestCase.h; sourceTree = "<group>"; };
		BFE04967168C34F000EA7F6E /* SKTestCase.m */ = {isa = PBXFileReference; fileEncoding = 4; lastKnownFileType = sourcecode.c.objc; name = SKTestCase.m; path = Classes/SKTestCase.m; sourceTree = "<group>"; };
		BFE0498A168DB8FE00EA7F6E /* SKTestTextBuffer.m */ = {isa = PBXFileReference; fileEncoding = 4; lastKnownFileType = sourcecode.c.objc; name = SKTestTextBuffer.m; path = Classes/SKTestTextBuffer.m; sourceTree = "<group>"; };
		BFE0498D16937F2A00EA7F6E /* AndroidForums_listCategories_mobile.tp */ = {isa = PBXFileReference; fileEncoding = 4; lastKnownFileType = text; path = AndroidForums_listCategories_mobile.tp; sourceTree = "<group>"; };
		BFE0498E16937F2A00EA7F6E /* AndroidForums_listCategories.tp */ = {isa = PBXFileReference; fileEncoding = 4; lastKnownFileType = text; path = AndroidForums_listCategories.tp; sourceTree = "<group>"; };
		BFE0498F16937F2A00EA7F6E /* Whirlpool_listCategories.tp */ = {isa = PBXFileReference; fileEncoding = 4; lastKnownFileType = text; path = Whirlpool_listCategories.tp; sourceTree = "<group>"; };
		BFE0499016937F2A00EA7F6E /* Whirlpool_listPosts.tp */ = {isa = PBXFileReference; fileEncoding = 4; lastKnownFileType = text; path = Whirlpool_listPosts.tp; sourceTree = "<group>"; };
		BFE0499116937F2A00EA7F6E /* Whirlpool_listThreads.tp */ = {isa = PBXFileReference; fileEncoding = 4; lastKnownFileType = text; path = Whirlpool_listThreads.tp; sourceTree = "<group>"; };
		BFF05CBF1694E4530086583F /* SKTestRules.m */ = {isa = PBXFileReference; fileEncoding = 4; lastKnownFileType = sourcecode.c.objc; name = SKTestRules.m; path = Classes/SKTestRules.m; sourceTree = "<group>"; };
/* End PBXFileReference section */

/* Begin PBXFrameworksBuildPhase section */
		BF2F718F168BA336006CD5E1 /* Frameworks */ = {
			isa = PBXFrameworksBuildPhase;
			buildActionMask = 2147483647;
			files = (
				BF2F71BC168BA911006CD5E1 /* GHUnit.framework in Frameworks */,
				BF2F7194168BA336006CD5E1 /* Cocoa.framework in Frameworks */,
			);
			runOnlyForDeploymentPostprocessing = 0;
		};
		BF3478A816842AF50090FBCE /* Frameworks */ = {
			isa = PBXFrameworksBuildPhase;
			buildActionMask = 2147483647;
			files = (
				BF3478B016842AF50090FBCE /* Cocoa.framework in Frameworks */,
			);
			runOnlyForDeploymentPostprocessing = 0;
		};
/* End PBXFrameworksBuildPhase section */

/* Begin PBXGroup section */
		BF2F717716842CBD006CD5E1 /* TestCases */ = {
			isa = PBXGroup;
			children = (
				BF2F71B9168BA811006CD5E1 /* Classes */,
				BFE0498C16937EEF00EA7F6E /* Scripts */,
				BF2F71B8168BA80B006CD5E1 /* External */,
				BF2F71B7168BA804006CD5E1 /* Other Sources */,
			);
			name = TestCases;
			path = ScrapeKitTestCases;
			sourceTree = "<group>";
		};
		BF2F71B7168BA804006CD5E1 /* Other Sources */ = {
			isa = PBXGroup;
			children = (
				BF2F7187168BA27B006CD5E1 /* ScrapeKitTestCases-Info.plist */,
				BF2F7188168BA27B006CD5E1 /* main.m */,
			);
			name = "Other Sources";
			sourceTree = "<group>";
		};
		BF2F71B8168BA80B006CD5E1 /* External */ = {
			isa = PBXGroup;
			children = (
				BF2F71BA168BA896006CD5E1 /* GHUnit.framework */,
			);
			name = External;
			sourceTree = "<group>";
		};
		BF2F71B9168BA811006CD5E1 /* Classes */ = {
			isa = PBXGroup;
			children = (
				BFE04966168C34F000EA7F6E /* SKTestCase.h */,
				BFE04967168C34F000EA7F6E /* SKTestCase.m */,
				BF2F71B2168BA683006CD5E1 /* SKTestCompilation.m */,
				BFE0498A168DB8FE00EA7F6E /* SKTestTextBuffer.m */,
				BFF05CBF1694E4530086583F /* SKTestRules.m */,
				BFD015EA169B7A0F00DCF61D /* SKTestPushBetween.m */,
				BFCCAE7716A5F7E800416D8B /* SKTestParseStrings.m */,
			);
			name = Classes;
			sourceTree = "<group>";
		};
		BF3478A016842AF50090FBCE = {
			isa = PBXGroup;
			children = (
				BFD34DE716DAB6B600D0DFA6 /* LICENSE.txt */,
				BFD34DE916DAB6D600D0DFA6 /* readme.md */,
				BF3478B516842AF50090FBCE /* ScrapeKitWorkbench */,
				BF2F717716842CBD006CD5E1 /* TestCases */,
				BF3478AE16842AF50090FBCE /* Frameworks */,
				BF3478AC16842AF50090FBCE /* Products */,
			);
			sourceTree = "<group>";
		};
		BF3478AC16842AF50090FBCE /* Products */ = {
			isa = PBXGroup;
			children = (
				BF3478AB16842AF50090FBCE /* ScrapeKitWorkbench.app */,
				BF2F7192168BA336006CD5E1 /* ScrapeKitTestCases.app */,
			);
			name = Products;
			sourceTree = "<group>";
		};
		BF3478AE16842AF50090FBCE /* Frameworks */ = {
			isa = PBXGroup;
			children = (
				BF3478B216842AF50090FBCE /* AppKit.framework */,
				BF3478B316842AF50090FBCE /* CoreData.framework */,
				BF3478B416842AF50090FBCE /* Foundation.framework */,
				BF3478AF16842AF50090FBCE /* Cocoa.framework */,
			);
			name = Frameworks;
			sourceTree = "<group>";
		};
		BF3478B516842AF50090FBCE /* ScrapeKitWorkbench */ = {
			isa = PBXGroup;
			children = (
				BF3478CF16842B800090FBCE /* Classes */,
				BF3478CE16842B7B0090FBCE /* External */,
				BF3478CD16842B730090FBCE /* Other Sources */,
				BF3478CC16842B5D0090FBCE /* Resources */,
			);
			path = ScrapeKitWorkbench;
			sourceTree = "<group>";
		};
		BF3478CC16842B5D0090FBCE /* Resources */ = {
			isa = PBXGroup;
			children = (
				BF3478D016842C050090FBCE /* en.lproj */,
				BF3478B716842AF50090FBCE /* ScrapeKitWorkbench-Info.plist */,
			);
			path = Resources;
			sourceTree = "<group>";
		};
		BF3478CD16842B730090FBCE /* Other Sources */ = {
			isa = PBXGroup;
			children = (
				BF3478BB16842AF50090FBCE /* main.m */,
				BF3478BD16842AF50090FBCE /* ScrapeKitWorkbench-Prefix.pch */,
			);
			path = "Other Sources";
			sourceTree = "<group>";
		};
		BF3478CE16842B7B0090FBCE /* External */ = {
			isa = PBXGroup;
			children = (
			);
			path = External;
			sourceTree = "<group>";
		};
		BF3478CF16842B800090FBCE /* Classes */ = {
			isa = PBXGroup;
			children = (
				BF3478C116842AF50090FBCE /* SKAppDelegate.h */,
				BF3478C216842AF50090FBCE /* SKAppDelegate.m */,
				BF8E0682169E9C63009AF2E1 /* SKMainWindowController.h */,
				BF8E0683169E9C63009AF2E1 /* SKMainWindowController.m */,
				BFCCAE27169F5B5300416D8B /* SKWorkbenchDebugger.h */,
				BFCCAE28169F5B5300416D8B /* SKWorkbenchDebugger.m */,
			);
			path = Classes;
			sourceTree = "<group>";
		};
		BF3478D016842C050090FBCE /* en.lproj */ = {
			isa = PBXGroup;
			children = (
				BF3478B816842AF50090FBCE /* InfoPlist.strings */,
				BF3478BE16842AF50090FBCE /* Credits.rtf */,
				BF8E0684169E9C63009AF2E1 /* SKMainWindowController.xib */,
				BF3478C416842AF50090FBCE /* MainMenu.xib */,
			);
			name = en.lproj;
			sourceTree = "<group>";
		};
		BFE0498C16937EEF00EA7F6E /* Scripts */ = {
			isa = PBXGroup;
			children = (
				BFE0498D16937F2A00EA7F6E /* AndroidForums_listCategories_mobile.tp */,
				BFE0498E16937F2A00EA7F6E /* AndroidForums_listCategories.tp */,
				BFE0498F16937F2A00EA7F6E /* Whirlpool_listCategories.tp */,
				BFE0499016937F2A00EA7F6E /* Whirlpool_listPosts.tp */,
				BFE0499116937F2A00EA7F6E /* Whirlpool_listThreads.tp */,
			);
			path = Scripts;
			sourceTree = "<group>";
		};
/* End PBXGroup section */

/* Begin PBXNativeTarget section */
		BF2F7191168BA336006CD5E1 /* ScrapeKitTestCases */ = {
			isa = PBXNativeTarget;
			buildConfigurationList = BF2F71A7168BA336006CD5E1 /* Build configuration list for PBXNativeTarget "ScrapeKitTestCases" */;
			buildPhases = (
				BF2F718E168BA336006CD5E1 /* Sources */,
				BF2F718F168BA336006CD5E1 /* Frameworks */,
				BF2F7190168BA336006CD5E1 /* Resources */,
				BF2F71B4168BA70E006CD5E1 /* CopyFiles */,
			);
			buildRules = (
			);
			dependencies = (
			);
			name = ScrapeKitTestCases;
			productName = "ScrapeKit UnitTests";
			productReference = BF2F7192168BA336006CD5E1 /* ScrapeKitTestCases.app */;
			productType = "com.apple.product-type.application";
		};
		BF3478AA16842AF50090FBCE /* ScrapeKitWorkbench */ = {
			isa = PBXNativeTarget;
			buildConfigurationList = BF3478C916842AF50090FBCE /* Build configuration list for PBXNativeTarget "ScrapeKitWorkbench" */;
			buildPhases = (
				BF3478A716842AF50090FBCE /* Sources */,
				BF3478A816842AF50090FBCE /* Frameworks */,
				BF3478A916842AF50090FBCE /* Resources */,
			);
			buildRules = (
			);
			dependencies = (
			);
			name = ScrapeKitWorkbench;
			productName = ScrapeKitWorkbench;
			productReference = BF3478AB16842AF50090FBCE /* ScrapeKitWorkbench.app */;
			productType = "com.apple.product-type.application";
		};
/* End PBXNativeTarget section */

/* Begin PBXProject section */
		BF3478A216842AF50090FBCE /* Project object */ = {
			isa = PBXProject;
			attributes = {
				CLASSPREFIX = SK;
				LastUpgradeCheck = 0450;
				ORGANIZATIONNAME = "BlackDog Foundry";
			};
			buildConfigurationList = BF3478A516842AF50090FBCE /* Build configuration list for PBXProject "ScrapeKitWorkbench" */;
			compatibilityVersion = "Xcode 3.2";
			developmentRegion = English;
			hasScannedForEncodings = 0;
			knownRegions = (
				en,
			);
			mainGroup = BF3478A016842AF50090FBCE;
			productRefGroup = BF3478AC16842AF50090FBCE /* Products */;
			projectDirPath = "";
			projectRoot = "";
			targets = (
				BF3478AA16842AF50090FBCE /* ScrapeKitWorkbench */,
				BF2F7191168BA336006CD5E1 /* ScrapeKitTestCases */,
			);
		};
/* End PBXProject section */

/* Begin PBXResourcesBuildPhase section */
		BF2F7190168BA336006CD5E1 /* Resources */ = {
			isa = PBXResourcesBuildPhase;
			buildActionMask = 2147483647;
			files = (
				BFE0499216937F2A00EA7F6E /* AndroidForums_listCategories_mobile.tp in Resources */,
				BFE0499316937F2A00EA7F6E /* AndroidForums_listCategories.tp in Resources */,
				BFE0499416937F2A00EA7F6E /* Whirlpool_listCategories.tp in Resources */,
				BFE0499516937F2A00EA7F6E /* Whirlpool_listPosts.tp in Resources */,
				BFE0499616937F2A00EA7F6E /* Whirlpool_listThreads.tp in Resources */,
			);
			runOnlyForDeploymentPostprocessing = 0;
		};
		BF3478A916842AF50090FBCE /* Resources */ = {
			isa = PBXResourcesBuildPhase;
			buildActionMask = 2147483647;
			files = (
				BF3478BA16842AF50090FBCE /* InfoPlist.strings in Resources */,
				BF3478C016842AF50090FBCE /* Credits.rtf in Resources */,
				BF3478C616842AF50090FBCE /* MainMenu.xib in Resources */,
				BF8E0686169E9C63009AF2E1 /* SKMainWindowController.xib in Resources */,
			);
			runOnlyForDeploymentPostprocessing = 0;
		};
/* End PBXResourcesBuildPhase section */

/* Begin PBXSourcesBuildPhase section */
		BF2F718E168BA336006CD5E1 /* Sources */ = {
			isa = PBXSourcesBuildPhase;
			buildActionMask = 2147483647;
			files = (
				BF2F71AB168BA33D006CD5E1 /* main.m in Sources */,
				BF2F71B3168BA683006CD5E1 /* SKTestCompilation.m in Sources */,
				BFE04968168C34F000EA7F6E /* SKTestCase.m in Sources */,
				BFE0498B168DB8FE00EA7F6E /* SKTestTextBuffer.m in Sources */,
				BFF05CC01694E4530086583F /* SKTestRules.m in Sources */,
				BFD015EB169B7A0F00DCF61D /* SKTestPushBetween.m in Sources */,
				BFCCAE7816A5F7E800416D8B /* SKTestParseStrings.m in Sources */,
			);
			runOnlyForDeploymentPostprocessing = 0;
		};
		BF3478A716842AF50090FBCE /* Sources */ = {
			isa = PBXSourcesBuildPhase;
			buildActionMask = 2147483647;
			files = (
				BF3478C316842AF50090FBCE /* SKAppDelegate.m in Sources */,
				BF2F718D168BA2E3006CD5E1 /* main.m in Sources */,
				BF8E0685169E9C63009AF2E1 /* SKMainWindowController.m in Sources */,
				BFCCAE29169F5B5300416D8B /* SKWorkbenchDebugger.m in Sources */,
			);
			runOnlyForDeploymentPostprocessing = 0;
		};
/* End PBXSourcesBuildPhase section */

/* Begin PBXVariantGroup section */
		BF3478B816842AF50090FBCE /* InfoPlist.strings */ = {
			isa = PBXVariantGroup;
			children = (
				BF3478B916842AF50090FBCE /* en */,
			);
			name = InfoPlist.strings;
			sourceTree = "<group>";
		};
		BF3478BE16842AF50090FBCE /* Credits.rtf */ = {
			isa = PBXVariantGroup;
			children = (
				BF3478BF16842AF50090FBCE /* en */,
			);
			name = Credits.rtf;
			sourceTree = "<group>";
		};
		BF3478C416842AF50090FBCE /* MainMenu.xib */ = {
			isa = PBXVariantGroup;
			children = (
				BF3478C516842AF50090FBCE /* en */,
			);
			name = MainMenu.xib;
			sourceTree = "<group>";
		};
/* End PBXVariantGroup section */

/* Begin XCBuildConfiguration section */
		BF2F71A8168BA336006CD5E1 /* Debug */ = {
			isa = XCBuildConfiguration;
			buildSettings = {
				COMBINE_HIDPI_IMAGES = YES;
				FRAMEWORK_SEARCH_PATHS = (
					"$(inherited)",
					"\"$(SRCROOT)/ScrapeKitWorkbench/External\"",
					"\"$(SRCROOT)/ScrapeKitTestCases\"",
					"\"$(SRCROOT)/ScrapeKitTestCases/External\"",
				);
				GCC_PRECOMPILE_PREFIX_HEADER = YES;
				GCC_PREFIX_HEADER = "";
				INFOPLIST_FILE = "$(SRCROOT)/ScrapeKitTestCases/Other Sources/ScrapeKitTestCases-Info.plist";
				LD_RUNPATH_SEARCH_PATHS = "@loader_path/../Frameworks";
				PRODUCT_NAME = "$(TARGET_NAME)";
				WRAPPER_EXTENSION = app;
			};
			name = Debug;
		};
		BF2F71A9168BA336006CD5E1 /* Release */ = {
			isa = XCBuildConfiguration;
			buildSettings = {
				COMBINE_HIDPI_IMAGES = YES;
				FRAMEWORK_SEARCH_PATHS = (
					"$(inherited)",
					"\"$(SRCROOT)/ScrapeKitWorkbench/External\"",
					"\"$(SRCROOT)/ScrapeKitTestCases\"",
					"\"$(SRCROOT)/ScrapeKitTestCases/External\"",
				);
				GCC_PRECOMPILE_PREFIX_HEADER = YES;
				GCC_PREFIX_HEADER = "";
				INFOPLIST_FILE = "$(SRCROOT)/ScrapeKitTestCases/Other Sources/ScrapeKitTestCases-Info.plist";
				LD_RUNPATH_SEARCH_PATHS = "@loader_path/../Frameworks";
				PRODUCT_NAME = "$(TARGET_NAME)";
				WRAPPER_EXTENSION = app;
			};
			name = Release;
		};
		BF3478C716842AF50090FBCE /* Debug */ = {
			isa = XCBuildConfiguration;
			buildSettings = {
				ALWAYS_SEARCH_USER_PATHS = NO;
				ARCHS = "$(ARCHS_STANDARD_64_BIT)";
				CLANG_CXX_LANGUAGE_STANDARD = "gnu++0x";
				CLANG_CXX_LIBRARY = "libc++";
				CLANG_ENABLE_OBJC_ARC = YES;
				CLANG_WARN_EMPTY_BODY = YES;
				CLANG_WARN__DUPLICATE_METHOD_MATCH = YES;
				COPY_PHASE_STRIP = NO;
				GCC_C_LANGUAGE_STANDARD = gnu99;
				GCC_DYNAMIC_NO_PIC = NO;
				GCC_ENABLE_OBJC_EXCEPTIONS = YES;
				GCC_OPTIMIZATION_LEVEL = 0;
				GCC_PREPROCESSOR_DEFINITIONS = (
					"DEBUG=1",
					"$(inherited)",
				);
				GCC_SYMBOLS_PRIVATE_EXTERN = NO;
				GCC_WARN_64_TO_32_BIT_CONVERSION = YES;
				GCC_WARN_ABOUT_RETURN_TYPE = YES;
				GCC_WARN_UNINITIALIZED_AUTOS = YES;
				GCC_WARN_UNUSED_VARIABLE = YES;
				MACOSX_DEPLOYMENT_TARGET = 10.8;
				ONLY_ACTIVE_ARCH = YES;
				SDKROOT = macosx;
			};
			name = Debug;
		};
		BF3478C816842AF50090FBCE /* Release */ = {
			isa = XCBuildConfiguration;
			buildSettings = {
				ALWAYS_SEARCH_USER_PATHS = NO;
				ARCHS = "$(ARCHS_STANDARD_64_BIT)";
				CLANG_CXX_LANGUAGE_STANDARD = "gnu++0x";
				CLANG_CXX_LIBRARY = "libc++";
				CLANG_ENABLE_OBJC_ARC = YES;
				CLANG_WARN_EMPTY_BODY = YES;
				CLANG_WARN__DUPLICATE_METHOD_MATCH = YES;
				COPY_PHASE_STRIP = YES;
				DEBUG_INFORMATION_FORMAT = "dwarf-with-dsym";
				GCC_C_LANGUAGE_STANDARD = gnu99;
				GCC_ENABLE_OBJC_EXCEPTIONS = YES;
				GCC_WARN_64_TO_32_BIT_CONVERSION = YES;
				GCC_WARN_ABOUT_RETURN_TYPE = YES;
				GCC_WARN_UNINITIALIZED_AUTOS = YES;
				GCC_WARN_UNUSED_VARIABLE = YES;
				MACOSX_DEPLOYMENT_TARGET = 10.8;
				SDKROOT = macosx;
			};
			name = Release;
		};
		BF3478CA16842AF50090FBCE /* Debug */ = {
			isa = XCBuildConfiguration;
			buildSettings = {
				COMBINE_HIDPI_IMAGES = YES;
				FRAMEWORK_SEARCH_PATHS = (
					"$(inherited)",
					"\"$(SRCROOT)/ScrapeKitWorkbench/External\"",
				);
				GCC_PRECOMPILE_PREFIX_HEADER = YES;
				GCC_PREFIX_HEADER = "ScrapeKitWorkbench/Other Sources/ScrapeKitWorkbench-Prefix.pch";
				INFOPLIST_FILE = "$(SRCROOT)/ScrapeKitWorkbench/Resources/ScrapeKitWorkbench-Info.plist";
				PRODUCT_NAME = "$(TARGET_NAME)";
				WRAPPER_EXTENSION = app;
			};
			name = Debug;
		};
		BF3478CB16842AF50090FBCE /* Release */ = {
			isa = XCBuildConfiguration;
			buildSettings = {
				COMBINE_HIDPI_IMAGES = YES;
				FRAMEWORK_SEARCH_PATHS = (
					"$(inherited)",
					"\"$(SRCROOT)/ScrapeKitWorkbench/External\"",
				);
				GCC_PRECOMPILE_PREFIX_HEADER = YES;
				GCC_PREFIX_HEADER = "ScrapeKitWorkbench/Other Sources/ScrapeKitWorkbench-Prefix.pch";
				INFOPLIST_FILE = "$(SRCROOT)/ScrapeKitWorkbench/Resources/ScrapeKitWorkbench-Info.plist";
				PRODUCT_NAME = "$(TARGET_NAME)";
				WRAPPER_EXTENSION = app;
			};
			name = Release;
		};
/* End XCBuildConfiguration section */

/* Begin XCConfigurationList section */
		BF2F71A7168BA336006CD5E1 /* Build configuration list for PBXNativeTarget "ScrapeKitTestCases" */ = {
			isa = XCConfigurationList;
			buildConfigurations = (
				BF2F71A8168BA336006CD5E1 /* Debug */,
				BF2F71A9168BA336006CD5E1 /* Release */,
			);
			defaultConfigurationIsVisible = 0;
			defaultConfigurationName = Release;
		};
		BF3478A516842AF50090FBCE /* Build configuration list for PBXProject "ScrapeKitWorkbench" */ = {
			isa = XCConfigurationList;
			buildConfigurations = (
				BF3478C716842AF50090FBCE /* Debug */,
				BF3478C816842AF50090FBCE /* Release */,
			);
			defaultConfigurationIsVisible = 0;
			defaultConfigurationName = Release;
		};
		BF3478C916842AF50090FBCE /* Build configuration list for PBXNativeTarget "ScrapeKitWorkbench" */ = {
			isa = XCConfigurationList;
			buildConfigurations = (
				BF3478CA16842AF50090FBCE /* Debug */,
				BF3478CB16842AF50090FBCE /* Release */,
			);
			defaultConfigurationIsVisible = 0;
			defaultConfigurationName = Release;
		};
/* End XCConfigurationList section */
	};
	rootObject = BF3478A216842AF50090FBCE /* Project object */;
}
